
Microsoft Visual Studio Solution File, Format Version 12.00
# Visual Studio 2015
Project("{FAE04EC0-301F-11D3-BF4B-00C04F79EFBC}") = "Metaphor_01.Plugins", "Metaphor_01.Plugins.csproj", "{CE643048-C4D8-E829-1E02-DDBB6471976E}"
EndProject
Project("{FAE04EC0-301F-11D3-BF4B-00C04F79EFBC}") = "Metaphor_01", "Metaphor_01.csproj", "{375DB4F8-606F-29AA-A438-DBA2C2E8E304}"
EndProject
Project("{FAE04EC0-301F-11D3-BF4B-00C04F79EFBC}") = "Metaphor_01.Editor", "Metaphor_01.Editor.csproj", "{B8A1840E-D5D1-9FFF-26CB-8B15DE8357C4}"
EndProject
Global
	GlobalSection(SolutionConfigurationPlatforms) = preSolution
		Debug|Any CPU = Debug|Any CPU
		Release|Any CPU = Release|Any CPU
	EndGlobalSection
	GlobalSection(ProjectConfigurationPlatforms) = postSolution
		{CE643048-C4D8-E829-1E02-DDBB6471976E}.Debug|Any CPU.ActiveCfg = Debug|Any CPU
		{CE643048-C4D8-E829-1E02-DDBB6471976E}.Debug|Any CPU.Build.0 = Debug|Any CPU
		{CE643048-C4D8-E829-1E02-DDBB6471976E}.Release|Any CPU.ActiveCfg = Release|Any CPU
		{CE643048-C4D8-E829-1E02-DDBB6471976E}.Release|Any CPU.Build.0 = Release|Any CPU
		{375DB4F8-606F-29AA-A438-DBA2C2E8E304}.Debug|Any CPU.ActiveCfg = Debug|Any CPU
		{375DB4F8-606F-29AA-A438-DBA2C2E8E304}.Debug|Any CPU.Build.0 = Debug|Any CPU
		{375DB4F8-606F-29AA-A438-DBA2C2E8E304}.Release|Any CPU.ActiveCfg = Release|Any CPU
		{375DB4F8-606F-29AA-A438-DBA2C2E8E304}.Release|Any CPU.Build.0 = Release|Any CPU
		{B8A1840E-D5D1-9FFF-26CB-8B15DE8357C4}.Debug|Any CPU.ActiveCfg = Debug|Any CPU
		{B8A1840E-D5D1-9FFF-26CB-8B15DE8357C4}.Debug|Any CPU.Build.0 = Debug|Any CPU
		{B8A1840E-D5D1-9FFF-26CB-8B15DE8357C4}.Release|Any CPU.ActiveCfg = Release|Any CPU
		{B8A1840E-D5D1-9FFF-26CB-8B15DE8357C4}.Release|Any CPU.Build.0 = Release|Any CPU
	EndGlobalSection
	GlobalSection(SolutionProperties) = preSolution
		HideSolutionNode = FALSE
	EndGlobalSection
EndGlobal
